
Microsoft Visual Studio Solution File, Format Version 12.00
# Visual Studio Version 17
VisualStudioVersion = 17.0.31903.59
MinimumVisualStudioVersion = 10.0.40219.1
Project("{2150E333-8FDC-42A3-9474-1A3956D46DE8}") = "src", "src", "{A51ABE80-15CA-4DD1-A87C-429A19A60A5E}"
EndProject
Project("{FAE04EC0-301F-11D3-BF4B-00C04F79EFBC}") = "CDriveMaster.UI", "src\CDriveMaster.UI\CDriveMaster.UI.csproj", "{C2F20690-20D8-4AD5-A761-875F7CF68A85}"
EndProject
Project("{FAE04EC0-301F-11D3-BF4B-00C04F79EFBC}") = "CDriveMaster.Core", "src\CDriveMaster.Core\CDriveMaster.Core.csproj", "{62797C3A-5DC7-4CE8-AEDA-2CC1A4439469}"
EndProject
Project("{2150E333-8FDC-42A3-9474-1A3956D46DE8}") = "tests", "tests", "{1D87B390-39D8-42C5-AA71-6643D62DCB2A}"
EndProject
Project("{FAE04EC0-301F-11D3-BF4B-00C04F79EFBC}") = "CDriveMaster.Tests", "tests\CDriveMaster.Tests\CDriveMaster.Tests.csproj", "{AC328C8B-F846-4106-B82E-3D0F3E01E7ED}"
EndProject
Global
	GlobalSection(SolutionConfigurationPlatforms) = preSolution
		Debug|Any CPU = Debug|Any CPU
		Release|Any CPU = Release|Any CPU
	EndGlobalSection
	GlobalSection(SolutionProperties) = preSolution
		HideSolutionNode = FALSE
	EndGlobalSection
	GlobalSection(ProjectConfigurationPlatforms) = postSolution
		{C2F20690-20D8-4AD5-A761-875F7CF68A85}.Debug|Any CPU.ActiveCfg = Debug|Any CPU
		{C2F20690-20D8-4AD5-A761-875F7CF68A85}.Debug|Any CPU.Build.0 = Debug|Any CPU
		{C2F20690-20D8-4AD5-A761-875F7CF68A85}.Release|Any CPU.ActiveCfg = Release|Any CPU
		{C2F20690-20D8-4AD5-A761-875F7CF68A85}.Release|Any CPU.Build.0 = Release|Any CPU
		{62797C3A-5DC7-4CE8-AEDA-2CC1A4439469}.Debug|Any CPU.ActiveCfg = Debug|Any CPU
		{62797C3A-5DC7-4CE8-AEDA-2CC1A4439469}.Debug|Any CPU.Build.0 = Debug|Any CPU
		{62797C3A-5DC7-4CE8-AEDA-2CC1A4439469}.Release|Any CPU.ActiveCfg = Release|Any CPU
		{62797C3A-5DC7-4CE8-AEDA-2CC1A4439469}.Release|Any CPU.Build.0 = Release|Any CPU
		{AC328C8B-F846-4106-B82E-3D0F3E01E7ED}.Debug|Any CPU.ActiveCfg = Debug|Any CPU
		{AC328C8B-F846-4106-B82E-3D0F3E01E7ED}.Debug|Any CPU.Build.0 = Debug|Any CPU
		{AC328C8B-F846-4106-B82E-3D0F3E01E7ED}.Release|Any CPU.ActiveCfg = Release|Any CPU
		{AC328C8B-F846-4106-B82E-3D0F3E01E7ED}.Release|Any CPU.Build.0 = Release|Any CPU
	EndGlobalSection
	GlobalSection(NestedProjects) = preSolution
		{C2F20690-20D8-4AD5-A761-875F7CF68A85} = {A51ABE80-15CA-4DD1-A87C-429A19A60A5E}
		{62797C3A-5DC7-4CE8-AEDA-2CC1A4439469} = {A51ABE80-15CA-4DD1-A87C-429A19A60A5E}
		{AC328C8B-F846-4106-B82E-3D0F3E01E7ED} = {1D87B390-39D8-42C5-AA71-6643D62DCB2A}
	EndGlobalSection
EndGlobal
